
Microsoft Visual Studio Solution File, Format Version 12.00
# Visual Studio 15
VisualStudioVersion = 15.0.26124.0
MinimumVisualStudioVersion = 15.0.26124.0
Project("{2150E333-8FDC-42A3-9474-1A3956D46DE8}") = "1-Api", "1-Api", "{C2CFCF5E-15F0-4B0E-90C1-739548958863}"
EndProject
Project("{FAE04EC0-301F-11D3-BF4B-00C04F79EFBC}") = "Investimento.Api", "src\Investimento.Api\Investimento.Api.csproj", "{D9DA47DD-7DB5-427E-9B5F-483918A31DD2}"
EndProject
Global
	GlobalSection(SolutionConfigurationPlatforms) = preSolution
		Debug|Any CPU = Debug|Any CPU
		Debug|x64 = Debug|x64
		Debug|x86 = Debug|x86
		Release|Any CPU = Release|Any CPU
		Release|x64 = Release|x64
		Release|x86 = Release|x86
	EndGlobalSection
	GlobalSection(SolutionProperties) = preSolution
		HideSolutionNode = FALSE
	EndGlobalSection
	GlobalSection(ProjectConfigurationPlatforms) = postSolution
		{EC38DD5F-4542-4833-B5CE-7678E71E4429}.Debug|Any CPU.ActiveCfg = Debug|Any CPU
		{EC38DD5F-4542-4833-B5CE-7678E71E4429}.Debug|Any CPU.Build.0 = Debug|Any CPU
		{EC38DD5F-4542-4833-B5CE-7678E71E4429}.Debug|x64.ActiveCfg = Debug|Any CPU
		{EC38DD5F-4542-4833-B5CE-7678E71E4429}.Debug|x64.Build.0 = Debug|Any CPU
		{EC38DD5F-4542-4833-B5CE-7678E71E4429}.Debug|x86.ActiveCfg = Debug|Any CPU
		{EC38DD5F-4542-4833-B5CE-7678E71E4429}.Debug|x86.Build.0 = Debug|Any CPU
		{EC38DD5F-4542-4833-B5CE-7678E71E4429}.Release|Any CPU.ActiveCfg = Release|Any CPU
		{EC38DD5F-4542-4833-B5CE-7678E71E4429}.Release|Any CPU.Build.0 = Release|Any CPU
		{EC38DD5F-4542-4833-B5CE-7678E71E4429}.Release|x64.ActiveCfg = Release|Any CPU
		{EC38DD5F-4542-4833-B5CE-7678E71E4429}.Release|x64.Build.0 = Release|Any CPU
		{EC38DD5F-4542-4833-B5CE-7678E71E4429}.Release|x86.ActiveCfg = Release|Any CPU
		{EC38DD5F-4542-4833-B5CE-7678E71E4429}.Release|x86.Build.0 = Release|Any CPU
		{D9DA47DD-7DB5-427E-9B5F-483918A31DD2}.Debug|Any CPU.ActiveCfg = Debug|Any CPU
		{D9DA47DD-7DB5-427E-9B5F-483918A31DD2}.Debug|Any CPU.Build.0 = Debug|Any CPU
		{D9DA47DD-7DB5-427E-9B5F-483918A31DD2}.Debug|x64.ActiveCfg = Debug|Any CPU
		{D9DA47DD-7DB5-427E-9B5F-483918A31DD2}.Debug|x64.Build.0 = Debug|Any CPU
		{D9DA47DD-7DB5-427E-9B5F-483918A31DD2}.Debug|x86.ActiveCfg = Debug|Any CPU
		{D9DA47DD-7DB5-427E-9B5F-483918A31DD2}.Debug|x86.Build.0 = Debug|Any CPU
		{D9DA47DD-7DB5-427E-9B5F-483918A31DD2}.Release|Any CPU.ActiveCfg = Release|Any CPU
		{D9DA47DD-7DB5-427E-9B5F-483918A31DD2}.Release|Any CPU.Build.0 = Release|Any CPU
		{D9DA47DD-7DB5-427E-9B5F-483918A31DD2}.Release|x64.ActiveCfg = Release|Any CPU
		{D9DA47DD-7DB5-427E-9B5F-483918A31DD2}.Release|x64.Build.0 = Release|Any CPU
		{D9DA47DD-7DB5-427E-9B5F-483918A31DD2}.Release|x86.ActiveCfg = Release|Any CPU
		{D9DA47DD-7DB5-427E-9B5F-483918A31DD2}.Release|x86.Build.0 = Release|Any CPU
	EndGlobalSection
	GlobalSection(NestedProjects) = preSolution
		{EC38DD5F-4542-4833-B5CE-7678E71E4429} = {D45B4014-E231-4D75-8899-4528CA3BBE40}
		{D9DA47DD-7DB5-427E-9B5F-483918A31DD2} = {C2CFCF5E-15F0-4B0E-90C1-739548958863}
	EndGlobalSection
EndGlobal
